
Microsoft Visual Studio Solution File, Format Version 12.00
# Visual Studio Version 16
VisualStudioVersion = 16.0.31424.327
MinimumVisualStudioVersion = 10.0.40219.1
Project("{9A19103F-16F7-4668-BE54-9A1E7A4F7556}") = "Kimera", "Kimera\Kimera.csproj", "{B9E53965-571E-48F1-BA0A-E7276C0E79B4}"
EndProject
Project("{FAE04EC0-301F-11D3-BF4B-00C04F79EFBC}") = "Kimera.Data", "Kimera.Data\Kimera.Data.csproj", "{F66FA8AA-80F1-4932-BC3C-78BBEF617496}"
EndProject
Global
	GlobalSection(SolutionConfigurationPlatforms) = preSolution
		Debug|Any CPU = Debug|Any CPU
		Release|Any CPU = Release|Any CPU
	EndGlobalSection
	GlobalSection(ProjectConfigurationPlatforms) = postSolution
		{B9E53965-571E-48F1-BA0A-E7276C0E79B4}.Debug|Any CPU.ActiveCfg = Debug|Any CPU
		{B9E53965-571E-48F1-BA0A-E7276C0E79B4}.Debug|Any CPU.Build.0 = Debug|Any CPU
		{B9E53965-571E-48F1-BA0A-E7276C0E79B4}.Release|Any CPU.ActiveCfg = Release|Any CPU
		{B9E53965-571E-48F1-BA0A-E7276C0E79B4}.Release|Any CPU.Build.0 = Release|Any CPU
		{F66FA8AA-80F1-4932-BC3C-78BBEF617496}.Debug|Any CPU.ActiveCfg = Debug|Any CPU
		{F66FA8AA-80F1-4932-BC3C-78BBEF617496}.Debug|Any CPU.Build.0 = Debug|Any CPU
		{F66FA8AA-80F1-4932-BC3C-78BBEF617496}.Release|Any CPU.ActiveCfg = Release|Any CPU
		{F66FA8AA-80F1-4932-BC3C-78BBEF617496}.Release|Any CPU.Build.0 = Release|Any CPU
	EndGlobalSection
	GlobalSection(SolutionProperties) = preSolution
		HideSolutionNode = FALSE
	EndGlobalSection
	GlobalSection(ExtensibilityGlobals) = postSolution
		SolutionGuid = {3AFC8ED0-8749-4675-8D51-A59E2C5AD156}
	EndGlobalSection
EndGlobal
