
Microsoft Visual Studio Solution File, Format Version 12.00
# Visual Studio Version 16
VisualStudioVersion = 16.0.31424.327
MinimumVisualStudioVersion = 10.0.40219.1
Project("{9A19103F-16F7-4668-BE54-9A1E7A4F7556}") = "Kimera.Data", "Kimera.Data\Kimera.Data.csproj", "{F66FA8AA-80F1-4932-BC3C-78BBEF617496}"
EndProject
Project("{9A19103F-16F7-4668-BE54-9A1E7A4F7556}") = "Kimera.Network", "Kimera.Network\Kimera.Network.csproj", "{A9E78BFB-3DF8-4319-907C-F059D18B8B7C}"
EndProject
Project("{9A19103F-16F7-4668-BE54-9A1E7A4F7556}") = "Kimera.IO", "Kimera.IO\Kimera.IO.csproj", "{F2C3AE1A-D019-45ED-B220-514D6305B5B7}"
EndProject
Project("{9A19103F-16F7-4668-BE54-9A1E7A4F7556}") = "Kimera", "Kimera\Kimera.csproj", "{8D51F881-638F-4200-AEA8-5D541E4B2593}"
	ProjectSection(ProjectDependencies) = postProject
		{F2C3AE1A-D019-45ED-B220-514D6305B5B7} = {F2C3AE1A-D019-45ED-B220-514D6305B5B7}
		{F66FA8AA-80F1-4932-BC3C-78BBEF617496} = {F66FA8AA-80F1-4932-BC3C-78BBEF617496}
		{A9E78BFB-3DF8-4319-907C-F059D18B8B7C} = {A9E78BFB-3DF8-4319-907C-F059D18B8B7C}
	EndProjectSection
EndProject
Global
	GlobalSection(SolutionConfigurationPlatforms) = preSolution
		Debug|Any CPU = Debug|Any CPU
		Debug|x64 = Debug|x64
		Debug|x86 = Debug|x86
		Release|Any CPU = Release|Any CPU
		Release|x64 = Release|x64
		Release|x86 = Release|x86
	EndGlobalSection
	GlobalSection(ProjectConfigurationPlatforms) = postSolution
		{F66FA8AA-80F1-4932-BC3C-78BBEF617496}.Debug|Any CPU.ActiveCfg = Debug|Any CPU
		{F66FA8AA-80F1-4932-BC3C-78BBEF617496}.Debug|Any CPU.Build.0 = Debug|Any CPU
		{F66FA8AA-80F1-4932-BC3C-78BBEF617496}.Debug|x64.ActiveCfg = Debug|x64
		{F66FA8AA-80F1-4932-BC3C-78BBEF617496}.Debug|x64.Build.0 = Debug|x64
		{F66FA8AA-80F1-4932-BC3C-78BBEF617496}.Debug|x86.ActiveCfg = Debug|x86
		{F66FA8AA-80F1-4932-BC3C-78BBEF617496}.Debug|x86.Build.0 = Debug|x86
		{F66FA8AA-80F1-4932-BC3C-78BBEF617496}.Release|Any CPU.ActiveCfg = Release|Any CPU
		{F66FA8AA-80F1-4932-BC3C-78BBEF617496}.Release|Any CPU.Build.0 = Release|Any CPU
		{F66FA8AA-80F1-4932-BC3C-78BBEF617496}.Release|x64.ActiveCfg = Release|x64
		{F66FA8AA-80F1-4932-BC3C-78BBEF617496}.Release|x64.Build.0 = Release|x64
		{F66FA8AA-80F1-4932-BC3C-78BBEF617496}.Release|x86.ActiveCfg = Release|x86
		{F66FA8AA-80F1-4932-BC3C-78BBEF617496}.Release|x86.Build.0 = Release|x86
		{A9E78BFB-3DF8-4319-907C-F059D18B8B7C}.Debug|Any CPU.ActiveCfg = Debug|Any CPU
		{A9E78BFB-3DF8-4319-907C-F059D18B8B7C}.Debug|Any CPU.Build.0 = Debug|Any CPU
		{A9E78BFB-3DF8-4319-907C-F059D18B8B7C}.Debug|x64.ActiveCfg = Debug|x64
		{A9E78BFB-3DF8-4319-907C-F059D18B8B7C}.Debug|x64.Build.0 = Debug|x64
		{A9E78BFB-3DF8-4319-907C-F059D18B8B7C}.Debug|x86.ActiveCfg = Debug|x86
		{A9E78BFB-3DF8-4319-907C-F059D18B8B7C}.Debug|x86.Build.0 = Debug|x86
		{A9E78BFB-3DF8-4319-907C-F059D18B8B7C}.Release|Any CPU.ActiveCfg = Release|Any CPU
		{A9E78BFB-3DF8-4319-907C-F059D18B8B7C}.Release|Any CPU.Build.0 = Release|Any CPU
		{A9E78BFB-3DF8-4319-907C-F059D18B8B7C}.Release|x64.ActiveCfg = Release|x64
		{A9E78BFB-3DF8-4319-907C-F059D18B8B7C}.Release|x64.Build.0 = Release|x64
		{A9E78BFB-3DF8-4319-907C-F059D18B8B7C}.Release|x86.ActiveCfg = Release|x86
		{A9E78BFB-3DF8-4319-907C-F059D18B8B7C}.Release|x86.Build.0 = Release|x86
		{F2C3AE1A-D019-45ED-B220-514D6305B5B7}.Debug|Any CPU.ActiveCfg = Debug|Any CPU
		{F2C3AE1A-D019-45ED-B220-514D6305B5B7}.Debug|Any CPU.Build.0 = Debug|Any CPU
		{F2C3AE1A-D019-45ED-B220-514D6305B5B7}.Debug|x64.ActiveCfg = Debug|x64
		{F2C3AE1A-D019-45ED-B220-514D6305B5B7}.Debug|x64.Build.0 = Debug|x64
		{F2C3AE1A-D019-45ED-B220-514D6305B5B7}.Debug|x86.ActiveCfg = Debug|x86
		{F2C3AE1A-D019-45ED-B220-514D6305B5B7}.Debug|x86.Build.0 = Debug|x86
		{F2C3AE1A-D019-45ED-B220-514D6305B5B7}.Release|Any CPU.ActiveCfg = Release|Any CPU
		{F2C3AE1A-D019-45ED-B220-514D6305B5B7}.Release|Any CPU.Build.0 = Release|Any CPU
		{F2C3AE1A-D019-45ED-B220-514D6305B5B7}.Release|x64.ActiveCfg = Release|x64
		{F2C3AE1A-D019-45ED-B220-514D6305B5B7}.Release|x64.Build.0 = Release|x64
		{F2C3AE1A-D019-45ED-B220-514D6305B5B7}.Release|x86.ActiveCfg = Release|x86
		{F2C3AE1A-D019-45ED-B220-514D6305B5B7}.Release|x86.Build.0 = Release|x86
		{8D51F881-638F-4200-AEA8-5D541E4B2593}.Debug|Any CPU.ActiveCfg = Debug|Any CPU
		{8D51F881-638F-4200-AEA8-5D541E4B2593}.Debug|Any CPU.Build.0 = Debug|Any CPU
		{8D51F881-638F-4200-AEA8-5D541E4B2593}.Debug|x64.ActiveCfg = Debug|x64
		{8D51F881-638F-4200-AEA8-5D541E4B2593}.Debug|x64.Build.0 = Debug|x64
		{8D51F881-638F-4200-AEA8-5D541E4B2593}.Debug|x86.ActiveCfg = Debug|x86
		{8D51F881-638F-4200-AEA8-5D541E4B2593}.Debug|x86.Build.0 = Debug|x86
		{8D51F881-638F-4200-AEA8-5D541E4B2593}.Release|Any CPU.ActiveCfg = Release|Any CPU
		{8D51F881-638F-4200-AEA8-5D541E4B2593}.Release|Any CPU.Build.0 = Release|Any CPU
		{8D51F881-638F-4200-AEA8-5D541E4B2593}.Release|x64.ActiveCfg = Release|x64
		{8D51F881-638F-4200-AEA8-5D541E4B2593}.Release|x64.Build.0 = Release|x64
		{8D51F881-638F-4200-AEA8-5D541E4B2593}.Release|x86.ActiveCfg = Release|x86
		{8D51F881-638F-4200-AEA8-5D541E4B2593}.Release|x86.Build.0 = Release|x86
	EndGlobalSection
	GlobalSection(SolutionProperties) = preSolution
		HideSolutionNode = FALSE
	EndGlobalSection
	GlobalSection(ExtensibilityGlobals) = postSolution
		SolutionGuid = {3AFC8ED0-8749-4675-8D51-A59E2C5AD156}
	EndGlobalSection
EndGlobal
